
Microsoft Visual Studio Solution File, Format Version 12.00
# Visual Studio Version 17
VisualStudioVersion = 17.5.33516.290
MinimumVisualStudioVersion = 10.0.40219.1
Project("{FAE04EC0-301F-11D3-BF4B-00C04F79EFBC}") = "TechShop", "TechShop\TechShop.csproj", "{B83BD0CE-5244-4861-B812-11F1C3E1B49E}"
EndProject
Global
	GlobalSection(SolutionConfigurationPlatforms) = preSolution
		Debug|Any CPU = Debug|Any CPU
		Release|Any CPU = Release|Any CPU
	EndGlobalSection
	GlobalSection(ProjectConfigurationPlatforms) = postSolution
		{B83BD0CE-5244-4861-B812-11F1C3E1B49E}.Debug|Any CPU.ActiveCfg = Debug|Any CPU
		{B83BD0CE-5244-4861-B812-11F1C3E1B49E}.Debug|Any CPU.Build.0 = Debug|Any CPU
		{B83BD0CE-5244-4861-B812-11F1C3E1B49E}.Release|Any CPU.ActiveCfg = Release|Any CPU
		{B83BD0CE-5244-4861-B812-11F1C3E1B49E}.Release|Any CPU.Build.0 = Release|Any CPU
	EndGlobalSection
	GlobalSection(SolutionProperties) = preSolution
		HideSolutionNode = FALSE
	EndGlobalSection
	GlobalSection(ExtensibilityGlobals) = postSolution
		SolutionGuid = {5FE02705-ED1D-48CB-A62E-189CFB695785}
	EndGlobalSection
EndGlobal
